
Microsoft Visual Studio Solution File, Format Version 12.00
# Visual Studio Version 17
VisualStudioVersion = 17.13.35825.156
MinimumVisualStudioVersion = 10.0.40219.1
Project("{FAE04EC0-301F-11D3-BF4B-00C04F79EFBC}") = "Ecommerce.API", "Ecommerce.API\Ecommerce.API.csproj", "{EDCAD822-1F82-4DCE-A77B-A36330213EF9}"
EndProject
Project("{FAE04EC0-301F-11D3-BF4B-00C04F79EFBC}") = "Ecommerce.Domain", "Ecommerce.Domain\Ecommerce.Domain.csproj", "{4E38B196-5211-45B9-BB5D-33B016C6F6B9}"
EndProject
Project("{FAE04EC0-301F-11D3-BF4B-00C04F79EFBC}") = "Ecommerce.Infrastructure", "Ecommerce.Infrastructure\Ecommerce.Infrastructure.csproj", "{ABB4BA99-79EB-4937-BB57-AC63477E26C6}"
EndProject
Global
	GlobalSection(SolutionConfigurationPlatforms) = preSolution
		Debug|Any CPU = Debug|Any CPU
		Release|Any CPU = Release|Any CPU
	EndGlobalSection
	GlobalSection(ProjectConfigurationPlatforms) = postSolution
		{EDCAD822-1F82-4DCE-A77B-A36330213EF9}.Debug|Any CPU.ActiveCfg = Debug|Any CPU
		{EDCAD822-1F82-4DCE-A77B-A36330213EF9}.Debug|Any CPU.Build.0 = Debug|Any CPU
		{EDCAD822-1F82-4DCE-A77B-A36330213EF9}.Release|Any CPU.ActiveCfg = Release|Any CPU
		{EDCAD822-1F82-4DCE-A77B-A36330213EF9}.Release|Any CPU.Build.0 = Release|Any CPU
		{4E38B196-5211-45B9-BB5D-33B016C6F6B9}.Debug|Any CPU.ActiveCfg = Debug|Any CPU
		{4E38B196-5211-45B9-BB5D-33B016C6F6B9}.Debug|Any CPU.Build.0 = Debug|Any CPU
		{4E38B196-5211-45B9-BB5D-33B016C6F6B9}.Release|Any CPU.ActiveCfg = Release|Any CPU
		{4E38B196-5211-45B9-BB5D-33B016C6F6B9}.Release|Any CPU.Build.0 = Release|Any CPU
		{ABB4BA99-79EB-4937-BB57-AC63477E26C6}.Debug|Any CPU.ActiveCfg = Debug|Any CPU
		{ABB4BA99-79EB-4937-BB57-AC63477E26C6}.Debug|Any CPU.Build.0 = Debug|Any CPU
		{ABB4BA99-79EB-4937-BB57-AC63477E26C6}.Release|Any CPU.ActiveCfg = Release|Any CPU
		{ABB4BA99-79EB-4937-BB57-AC63477E26C6}.Release|Any CPU.Build.0 = Release|Any CPU
	EndGlobalSection
	GlobalSection(SolutionProperties) = preSolution
		HideSolutionNode = FALSE
	EndGlobalSection
	GlobalSection(ExtensibilityGlobals) = postSolution
		SolutionGuid = {EFBF90FA-52A8-4FAD-9E00-775A3D953A70}
	EndGlobalSection
EndGlobal
